
Microsoft Visual Studio Solution File, Format Version 12.00
# Visual Studio Version 17
VisualStudioVersion = 17.10.35013.160
MinimumVisualStudioVersion = 10.0.40219.1
Project("{2150E333-8FDC-42A3-9474-1A3956D46DE8}") = "Services", "Services", "{ACAFCA72-FF89-4704-A8DB-1B34262557D5}"
EndProject
Project("{2150E333-8FDC-42A3-9474-1A3956D46DE8}") = "Catalog", "Catalog", "{DA1C93CB-7F18-4F4B-A2FE-000B4ACFCF99}"
EndProject
Project("{9A19103F-16F7-4668-BE54-9A1E7A4F7556}") = "Catalog.API", "Services\Catalog\Catalog.API\Catalog.API.csproj", "{ECB6A435-841B-4F84-868A-B878284E751A}"
EndProject
Project("{2150E333-8FDC-42A3-9474-1A3956D46DE8}") = "BuildingBlocks", "BuildingBlocks", "{1428C3C8-EE78-43F3-9C01-3222DA0A9600}"
EndProject
Project("{9A19103F-16F7-4668-BE54-9A1E7A4F7556}") = "BuildingBlocks", "BuildingBlocks\BuildingBlocks\BuildingBlocks.csproj", "{70E7B659-90B8-4012-A420-EEC4E5FD51D5}"
EndProject
Project("{E53339B2-1760-4266-BCC7-CA923CBCF16C}") = "docker-compose", "docker-compose.dcproj", "{689A34D2-AA40-4428-8C9E-399F4A6726B1}"
EndProject
Project("{2150E333-8FDC-42A3-9474-1A3956D46DE8}") = "Basket", "Basket", "{E7B42AEA-7734-4168-A29E-A4801532F897}"
EndProject
Project("{9A19103F-16F7-4668-BE54-9A1E7A4F7556}") = "Basket.API", "Services\Basket\Basket.API\Basket.API.csproj", "{283B2CC0-2B77-4255-912A-4C14A7E7EC0A}"
EndProject
Project("{2150E333-8FDC-42A3-9474-1A3956D46DE8}") = "Discount", "Discount", "{4A1C5BC1-98C3-4C01-BF7F-DBF24EF08695}"
EndProject
Project("{9A19103F-16F7-4668-BE54-9A1E7A4F7556}") = "Discount.Grpc", "Services\Discount\Discount.Grpc\Discount.Grpc.csproj", "{DBD1E114-E1F2-425C-AD96-679716B57AB7}"
EndProject
Project("{2150E333-8FDC-42A3-9474-1A3956D46DE8}") = "Ordering", "Ordering", "{CDF23715-A7B8-48EF-B71E-A8D3E30C15BB}"
EndProject
Project("{9A19103F-16F7-4668-BE54-9A1E7A4F7556}") = "Ordering.API", "Services\Ordering\Ordering.API\Ordering.API.csproj", "{84B0BAC5-453F-44A3-AEB2-F7BB81E7AC92}"
EndProject
Project("{9A19103F-16F7-4668-BE54-9A1E7A4F7556}") = "Ordering.Domain", "Services\Ordering\Ordering.Domain\Ordering.Domain.csproj", "{3C6CB722-6C22-4237-A9DE-6830FE3C509A}"
EndProject
Project("{9A19103F-16F7-4668-BE54-9A1E7A4F7556}") = "Ordering.Application", "Services\Ordering\Ordering.Application\Ordering.Application.csproj", "{6B328A0A-A81F-42E8-81CC-0C67523F910E}"
EndProject
Project("{9A19103F-16F7-4668-BE54-9A1E7A4F7556}") = "Ordering.Infrastructure", "Services\Ordering\Ordering.Infrastructure\Ordering.Infrastructure.csproj", "{DB833FAE-6C1E-486F-BBC8-83F5EA455D49}"
EndProject
Project("{9A19103F-16F7-4668-BE54-9A1E7A4F7556}") = "BuildingBlocks.Messaging", "BuildingBlocks\BuildingBlocks.Messaging\BuildingBlocks.Messaging.csproj", "{AA76AEAC-26C0-43E5-8B60-6F0E5133B2D7}"
EndProject
Project("{2150E333-8FDC-42A3-9474-1A3956D46DE8}") = "ApiGateways", "ApiGateways", "{C81E0E6F-A337-4864-A6FA-DABDDA58D7F5}"
EndProject
Project("{FAE04EC0-301F-11D3-BF4B-00C04F79EFBC}") = "YarpApiGateway", "ApiGateways\YarpApiGateway\YarpApiGateway.csproj", "{74C7D4BF-5317-4B55-8B1B-3870548CC401}"
EndProject
Project("{2150E333-8FDC-42A3-9474-1A3956D46DE8}") = "WebApps", "WebApps", "{1F90BFBF-2784-4E53-A948-4C58ECE7D80C}"
EndProject
Project("{FAE04EC0-301F-11D3-BF4B-00C04F79EFBC}") = "Shopping.Web", "WebApps\Shopping.Web\Shopping.Web.csproj", "{E3027651-9A7A-4914-BC15-A20CF2E10960}"
EndProject
Global
	GlobalSection(SolutionConfigurationPlatforms) = preSolution
		Debug|Any CPU = Debug|Any CPU
		Release|Any CPU = Release|Any CPU
	EndGlobalSection
	GlobalSection(ProjectConfigurationPlatforms) = postSolution
		{ECB6A435-841B-4F84-868A-B878284E751A}.Debug|Any CPU.ActiveCfg = Debug|Any CPU
		{ECB6A435-841B-4F84-868A-B878284E751A}.Debug|Any CPU.Build.0 = Debug|Any CPU
		{ECB6A435-841B-4F84-868A-B878284E751A}.Release|Any CPU.ActiveCfg = Release|Any CPU
		{ECB6A435-841B-4F84-868A-B878284E751A}.Release|Any CPU.Build.0 = Release|Any CPU
		{70E7B659-90B8-4012-A420-EEC4E5FD51D5}.Debug|Any CPU.ActiveCfg = Debug|Any CPU
		{70E7B659-90B8-4012-A420-EEC4E5FD51D5}.Debug|Any CPU.Build.0 = Debug|Any CPU
		{70E7B659-90B8-4012-A420-EEC4E5FD51D5}.Release|Any CPU.ActiveCfg = Release|Any CPU
		{70E7B659-90B8-4012-A420-EEC4E5FD51D5}.Release|Any CPU.Build.0 = Release|Any CPU
		{689A34D2-AA40-4428-8C9E-399F4A6726B1}.Debug|Any CPU.ActiveCfg = Debug|Any CPU
		{689A34D2-AA40-4428-8C9E-399F4A6726B1}.Debug|Any CPU.Build.0 = Debug|Any CPU
		{689A34D2-AA40-4428-8C9E-399F4A6726B1}.Release|Any CPU.ActiveCfg = Release|Any CPU
		{689A34D2-AA40-4428-8C9E-399F4A6726B1}.Release|Any CPU.Build.0 = Release|Any CPU
		{283B2CC0-2B77-4255-912A-4C14A7E7EC0A}.Debug|Any CPU.ActiveCfg = Debug|Any CPU
		{283B2CC0-2B77-4255-912A-4C14A7E7EC0A}.Debug|Any CPU.Build.0 = Debug|Any CPU
		{283B2CC0-2B77-4255-912A-4C14A7E7EC0A}.Release|Any CPU.ActiveCfg = Release|Any CPU
		{283B2CC0-2B77-4255-912A-4C14A7E7EC0A}.Release|Any CPU.Build.0 = Release|Any CPU
		{DBD1E114-E1F2-425C-AD96-679716B57AB7}.Debug|Any CPU.ActiveCfg = Debug|Any CPU
		{DBD1E114-E1F2-425C-AD96-679716B57AB7}.Debug|Any CPU.Build.0 = Debug|Any CPU
		{DBD1E114-E1F2-425C-AD96-679716B57AB7}.Release|Any CPU.ActiveCfg = Release|Any CPU
		{DBD1E114-E1F2-425C-AD96-679716B57AB7}.Release|Any CPU.Build.0 = Release|Any CPU
		{84B0BAC5-453F-44A3-AEB2-F7BB81E7AC92}.Debug|Any CPU.ActiveCfg = Debug|Any CPU
		{84B0BAC5-453F-44A3-AEB2-F7BB81E7AC92}.Debug|Any CPU.Build.0 = Debug|Any CPU
		{84B0BAC5-453F-44A3-AEB2-F7BB81E7AC92}.Release|Any CPU.ActiveCfg = Release|Any CPU
		{84B0BAC5-453F-44A3-AEB2-F7BB81E7AC92}.Release|Any CPU.Build.0 = Release|Any CPU
		{3C6CB722-6C22-4237-A9DE-6830FE3C509A}.Debug|Any CPU.ActiveCfg = Debug|Any CPU
		{3C6CB722-6C22-4237-A9DE-6830FE3C509A}.Debug|Any CPU.Build.0 = Debug|Any CPU
		{3C6CB722-6C22-4237-A9DE-6830FE3C509A}.Release|Any CPU.ActiveCfg = Release|Any CPU
		{3C6CB722-6C22-4237-A9DE-6830FE3C509A}.Release|Any CPU.Build.0 = Release|Any CPU
		{6B328A0A-A81F-42E8-81CC-0C67523F910E}.Debug|Any CPU.ActiveCfg = Debug|Any CPU
		{6B328A0A-A81F-42E8-81CC-0C67523F910E}.Debug|Any CPU.Build.0 = Debug|Any CPU
		{6B328A0A-A81F-42E8-81CC-0C67523F910E}.Release|Any CPU.ActiveCfg = Release|Any CPU
		{6B328A0A-A81F-42E8-81CC-0C67523F910E}.Release|Any CPU.Build.0 = Release|Any CPU
		{DB833FAE-6C1E-486F-BBC8-83F5EA455D49}.Debug|Any CPU.ActiveCfg = Debug|Any CPU
		{DB833FAE-6C1E-486F-BBC8-83F5EA455D49}.Debug|Any CPU.Build.0 = Debug|Any CPU
		{DB833FAE-6C1E-486F-BBC8-83F5EA455D49}.Release|Any CPU.ActiveCfg = Release|Any CPU
		{DB833FAE-6C1E-486F-BBC8-83F5EA455D49}.Release|Any CPU.Build.0 = Release|Any CPU
		{AA76AEAC-26C0-43E5-8B60-6F0E5133B2D7}.Debug|Any CPU.ActiveCfg = Debug|Any CPU
		{AA76AEAC-26C0-43E5-8B60-6F0E5133B2D7}.Debug|Any CPU.Build.0 = Debug|Any CPU
		{AA76AEAC-26C0-43E5-8B60-6F0E5133B2D7}.Release|Any CPU.ActiveCfg = Release|Any CPU
		{AA76AEAC-26C0-43E5-8B60-6F0E5133B2D7}.Release|Any CPU.Build.0 = Release|Any CPU
		{74C7D4BF-5317-4B55-8B1B-3870548CC401}.Debug|Any CPU.ActiveCfg = Debug|Any CPU
		{74C7D4BF-5317-4B55-8B1B-3870548CC401}.Debug|Any CPU.Build.0 = Debug|Any CPU
		{74C7D4BF-5317-4B55-8B1B-3870548CC401}.Release|Any CPU.ActiveCfg = Release|Any CPU
		{74C7D4BF-5317-4B55-8B1B-3870548CC401}.Release|Any CPU.Build.0 = Release|Any CPU
		{E3027651-9A7A-4914-BC15-A20CF2E10960}.Debug|Any CPU.ActiveCfg = Debug|Any CPU
		{E3027651-9A7A-4914-BC15-A20CF2E10960}.Debug|Any CPU.Build.0 = Debug|Any CPU
		{E3027651-9A7A-4914-BC15-A20CF2E10960}.Release|Any CPU.ActiveCfg = Release|Any CPU
		{E3027651-9A7A-4914-BC15-A20CF2E10960}.Release|Any CPU.Build.0 = Release|Any CPU
	EndGlobalSection
	GlobalSection(SolutionProperties) = preSolution
		HideSolutionNode = FALSE
	EndGlobalSection
	GlobalSection(NestedProjects) = preSolution
		{DA1C93CB-7F18-4F4B-A2FE-000B4ACFCF99} = {ACAFCA72-FF89-4704-A8DB-1B34262557D5}
		{ECB6A435-841B-4F84-868A-B878284E751A} = {DA1C93CB-7F18-4F4B-A2FE-000B4ACFCF99}
		{70E7B659-90B8-4012-A420-EEC4E5FD51D5} = {1428C3C8-EE78-43F3-9C01-3222DA0A9600}
		{E7B42AEA-7734-4168-A29E-A4801532F897} = {ACAFCA72-FF89-4704-A8DB-1B34262557D5}
		{283B2CC0-2B77-4255-912A-4C14A7E7EC0A} = {E7B42AEA-7734-4168-A29E-A4801532F897}
		{4A1C5BC1-98C3-4C01-BF7F-DBF24EF08695} = {ACAFCA72-FF89-4704-A8DB-1B34262557D5}
		{DBD1E114-E1F2-425C-AD96-679716B57AB7} = {4A1C5BC1-98C3-4C01-BF7F-DBF24EF08695}
		{CDF23715-A7B8-48EF-B71E-A8D3E30C15BB} = {ACAFCA72-FF89-4704-A8DB-1B34262557D5}
		{84B0BAC5-453F-44A3-AEB2-F7BB81E7AC92} = {CDF23715-A7B8-48EF-B71E-A8D3E30C15BB}
		{3C6CB722-6C22-4237-A9DE-6830FE3C509A} = {CDF23715-A7B8-48EF-B71E-A8D3E30C15BB}
		{6B328A0A-A81F-42E8-81CC-0C67523F910E} = {CDF23715-A7B8-48EF-B71E-A8D3E30C15BB}
		{DB833FAE-6C1E-486F-BBC8-83F5EA455D49} = {CDF23715-A7B8-48EF-B71E-A8D3E30C15BB}
		{AA76AEAC-26C0-43E5-8B60-6F0E5133B2D7} = {1428C3C8-EE78-43F3-9C01-3222DA0A9600}
		{74C7D4BF-5317-4B55-8B1B-3870548CC401} = {C81E0E6F-A337-4864-A6FA-DABDDA58D7F5}
		{E3027651-9A7A-4914-BC15-A20CF2E10960} = {1F90BFBF-2784-4E53-A948-4C58ECE7D80C}
	EndGlobalSection
	GlobalSection(ExtensibilityGlobals) = postSolution
		SolutionGuid = {DB99BEFD-FEA0-4D2C-A60E-EF1FF6A60686}
	EndGlobalSection
EndGlobal
